
Microsoft Visual Studio Solution File, Format Version 12.00
# Visual Studio Version 16
VisualStudioVersion = 16.0.30611.23
MinimumVisualStudioVersion = 10.0.40219.1
Project("{9A19103F-16F7-4668-BE54-9A1E7A4F7556}") = "RPSgame", "RPSgame.csproj", "{68D73675-107B-4D30-A702-EA671E637903}"
EndProject
Project("{9A19103F-16F7-4668-BE54-9A1E7A4F7556}") = "RPSgameUT", "..\RPSgameUT\RPSgameUT.csproj", "{87F9AF02-325D-4062-9E6E-420F05EE866D}"
EndProject
Global
	GlobalSection(SolutionConfigurationPlatforms) = preSolution
		Debug|Any CPU = Debug|Any CPU
		Release|Any CPU = Release|Any CPU
	EndGlobalSection
	GlobalSection(ProjectConfigurationPlatforms) = postSolution
		{68D73675-107B-4D30-A702-EA671E637903}.Debug|Any CPU.ActiveCfg = Debug|Any CPU
		{68D73675-107B-4D30-A702-EA671E637903}.Debug|Any CPU.Build.0 = Debug|Any CPU
		{68D73675-107B-4D30-A702-EA671E637903}.Release|Any CPU.ActiveCfg = Release|Any CPU
		{68D73675-107B-4D30-A702-EA671E637903}.Release|Any CPU.Build.0 = Release|Any CPU
		{87F9AF02-325D-4062-9E6E-420F05EE866D}.Debug|Any CPU.ActiveCfg = Debug|Any CPU
		{87F9AF02-325D-4062-9E6E-420F05EE866D}.Debug|Any CPU.Build.0 = Debug|Any CPU
		{87F9AF02-325D-4062-9E6E-420F05EE866D}.Release|Any CPU.ActiveCfg = Release|Any CPU
		{87F9AF02-325D-4062-9E6E-420F05EE866D}.Release|Any CPU.Build.0 = Release|Any CPU
	EndGlobalSection
	GlobalSection(SolutionProperties) = preSolution
		HideSolutionNode = FALSE
	EndGlobalSection
	GlobalSection(ExtensibilityGlobals) = postSolution
		SolutionGuid = {DCE67208-DD19-4C98-AA42-4A7DB4B05026}
	EndGlobalSection
EndGlobal
